
Microsoft Visual Studio Solution File, Format Version 12.00
# Visual Studio 15
VisualStudioVersion = 15.0.27004.2005
MinimumVisualStudioVersion = 10.0.40219.1
Project("{8BC9CEB8-8B4A-11D0-8D11-00A0C91BC942}") = "TEEngine", "Engine\TEEngine.vcxproj", "{04C590BB-F21E-41F3-B935-A52DC079E6A8}"
EndProject
Project("{8BC9CEB8-8B4A-11D0-8D11-00A0C91BC942}") = "AlphaTestSpace", "Engine Test Space\AlphaTestSpace.vcxproj", "{221E7A9B-ED51-46E8-BBEA-C114F1D709E4}"
	ProjectSection(ProjectDependencies) = postProject
		{4875682C-133B-4390-8A38-98FC38AB68CD} = {4875682C-133B-4390-8A38-98FC38AB68CD}
		{04C590BB-F21E-41F3-B935-A52DC079E6A8} = {04C590BB-F21E-41F3-B935-A52DC079E6A8}
	EndProjectSection
EndProject
Project("{8BC9CEB8-8B4A-11D0-8D11-00A0C91BC942}") = "Vampire", "Physics Engine\Physics Engine\Vampire.vcxproj", "{4875682C-133B-4390-8A38-98FC38AB68CD}"
EndProject
Global
	GlobalSection(SolutionConfigurationPlatforms) = preSolution
		Debug|x64 = Debug|x64
		Debug|x86 = Debug|x86
		Release|x64 = Release|x64
		Release|x86 = Release|x86
	EndGlobalSection
	GlobalSection(ProjectConfigurationPlatforms) = postSolution
		{04C590BB-F21E-41F3-B935-A52DC079E6A8}.Debug|x64.ActiveCfg = Debug|x64
		{04C590BB-F21E-41F3-B935-A52DC079E6A8}.Debug|x64.Build.0 = Debug|x64
		{04C590BB-F21E-41F3-B935-A52DC079E6A8}.Debug|x86.ActiveCfg = Debug|Win32
		{04C590BB-F21E-41F3-B935-A52DC079E6A8}.Debug|x86.Build.0 = Debug|Win32
		{04C590BB-F21E-41F3-B935-A52DC079E6A8}.Release|x64.ActiveCfg = Debug|x64
		{04C590BB-F21E-41F3-B935-A52DC079E6A8}.Release|x64.Build.0 = Debug|x64
		{04C590BB-F21E-41F3-B935-A52DC079E6A8}.Release|x86.ActiveCfg = Release|Win32
		{04C590BB-F21E-41F3-B935-A52DC079E6A8}.Release|x86.Build.0 = Release|Win32
		{221E7A9B-ED51-46E8-BBEA-C114F1D709E4}.Debug|x64.ActiveCfg = Debug|x64
		{221E7A9B-ED51-46E8-BBEA-C114F1D709E4}.Debug|x64.Build.0 = Debug|x64
		{221E7A9B-ED51-46E8-BBEA-C114F1D709E4}.Debug|x86.ActiveCfg = Debug|Win32
		{221E7A9B-ED51-46E8-BBEA-C114F1D709E4}.Debug|x86.Build.0 = Debug|Win32
		{221E7A9B-ED51-46E8-BBEA-C114F1D709E4}.Release|x64.ActiveCfg = Debug|x64
		{221E7A9B-ED51-46E8-BBEA-C114F1D709E4}.Release|x64.Build.0 = Debug|x64
		{221E7A9B-ED51-46E8-BBEA-C114F1D709E4}.Release|x86.ActiveCfg = Release|Win32
		{221E7A9B-ED51-46E8-BBEA-C114F1D709E4}.Release|x86.Build.0 = Release|Win32
		{4875682C-133B-4390-8A38-98FC38AB68CD}.Debug|x64.ActiveCfg = Debug|x64
		{4875682C-133B-4390-8A38-98FC38AB68CD}.Debug|x64.Build.0 = Debug|x64
		{4875682C-133B-4390-8A38-98FC38AB68CD}.Debug|x86.ActiveCfg = Debug|Win32
		{4875682C-133B-4390-8A38-98FC38AB68CD}.Debug|x86.Build.0 = Debug|Win32
		{4875682C-133B-4390-8A38-98FC38AB68CD}.Release|x64.ActiveCfg = Debug|x64
		{4875682C-133B-4390-8A38-98FC38AB68CD}.Release|x64.Build.0 = Debug|x64
		{4875682C-133B-4390-8A38-98FC38AB68CD}.Release|x86.ActiveCfg = Release|Win32
		{4875682C-133B-4390-8A38-98FC38AB68CD}.Release|x86.Build.0 = Release|Win32
	EndGlobalSection
	GlobalSection(SolutionProperties) = preSolution
		HideSolutionNode = FALSE
	EndGlobalSection
	GlobalSection(ExtensibilityGlobals) = postSolution
		SolutionGuid = {44E2D202-8776-494F-97AC-471FD9BB3948}
	EndGlobalSection
EndGlobal
